{
  "name": "recountLab",
  "lockfileVersion": 3,
  "requires": true,
  "packages": {
    "": {
      "dependencies": {
        "ag-grid-enterprise": "^34.0.2"
      }
    },
    "node_modules/ag-charts-community": {
      "version": "12.0.2",
      "resolved": "https://registry.npmjs.org/ag-charts-community/-/ag-charts-community-12.0.2.tgz",
      "integrity": "sha512-ew6f1FD2ow4X5E3165OZrPz08Yh+pkFvvZOZYXtcABCiZtjzY4mE4zTh7+ZOBQ6utMe7p60T7epI0qlU1ngkmQ==",
      "license": "MIT",
      "optional": true,
      "dependencies": {
        "ag-charts-core": "12.0.2",
        "ag-charts-locale": "12.0.2",
        "ag-charts-types": "12.0.2"
      }
    },
    "node_modules/ag-charts-core": {
      "version": "12.0.2",
      "resolved": "https://registry.npmjs.org/ag-charts-core/-/ag-charts-core-12.0.2.tgz",
      "integrity": "sha512-gIZW46N1MSiZoOnrmf0OIO1v1DibGTefntTWadYG68/nHBxeoV8jsPLfTMplUnPhGvzdQXWxXyvB9q9KKYV+0w==",
      "license": "MIT",
      "optional": true,
      "dependencies": {
        "ag-charts-types": "12.0.2"
      }
    },
    "node_modules/ag-charts-enterprise": {
      "version": "12.0.2",
      "resolved": "https://registry.npmjs.org/ag-charts-enterprise/-/ag-charts-enterprise-12.0.2.tgz",
      "integrity": "sha512-R/wltmyWlIQdk4C4VVJSkGY7Lb1eVkfIkdaddzY4ehwPCdEbFVMne7l5EkHYp00gY8vYsoTxhjTa/BMG+4TPDQ==",
      "license": "Commercial",
      "optional": true,
      "dependencies": {
        "ag-charts-community": "12.0.2",
        "ag-charts-core": "12.0.2"
      }
    },
    "node_modules/ag-charts-locale": {
      "version": "12.0.2",
      "resolved": "https://registry.npmjs.org/ag-charts-locale/-/ag-charts-locale-12.0.2.tgz",
      "integrity": "sha512-uiMdNQL7aaOSBaIPpyiVKLLddGTo0pT/dRX46Ra3ywglsfPHT9dsM22GAnHl/njVrGD66RewT+N2FGpMZj2rGA==",
      "license": "MIT",
      "optional": true
    },
    "node_modules/ag-charts-types": {
      "version": "12.0.2",
      "resolved": "https://registry.npmjs.org/ag-charts-types/-/ag-charts-types-12.0.2.tgz",
      "integrity": "sha512-AWM1Y+XW+9VMmV3AbzdVEnreh/I2C9Pmqpc2iLmtId3Xbvmv7O56DqnuDb9EXjK5uPxmyUerTP+utL13UGcztw==",
      "license": "MIT"
    },
    "node_modules/ag-grid-community": {
      "version": "34.0.2",
      "resolved": "https://registry.npmjs.org/ag-grid-community/-/ag-grid-community-34.0.2.tgz",
      "integrity": "sha512-hVJp5vrmwHRB10YjfSOVni5YJkO/v+asLjT72S4YnIFSx8lAgyPmByNJgtojk1aJ5h6Up93jTEmGDJeuKiWWLA==",
      "license": "MIT",
      "dependencies": {
        "ag-charts-types": "12.0.2"
      }
    },
    "node_modules/ag-grid-enterprise": {
      "version": "34.0.2",
      "resolved": "https://registry.npmjs.org/ag-grid-enterprise/-/ag-grid-enterprise-34.0.2.tgz",
      "integrity": "sha512-t8oGNy2VzAYS6cH7VBXFKGau2ANFOhvr1DNgv8VT6HgsOpT5QJRqRHrsZHimY9+JhRUPwCBBoWCNsfRRGbLmYg==",
      "license": "Commercial",
      "dependencies": {
        "ag-grid-community": "34.0.2"
      },
      "optionalDependencies": {
        "ag-charts-community": "12.0.2",
        "ag-charts-enterprise": "12.0.2"
      }
    }
  }
}
